# THIS IS AN AUTOGENERATED FILE. DO NOT EDIT THIS FILE DIRECTLY.
# yarn lockfile v1


"@types/stripe-v3@^3.1.17":
  version "3.1.17"
  resolved "https://registry.yarnpkg.com/@types/stripe-v3/-/stripe-v3-3.1.17.tgz#0fd3c4b134daa1cd61631f58eeb6d756e0377668"
  integrity sha512-ZnADc7cgvrnRpz9lkENMgMhBWYR6ybz/745WYPlKZZXzU05ZaADRRtafPfZDTpQhALLpX/KYKmWN/j9GmbIg4g==
